
Microsoft Visual Studio Solution File, Format Version 12.00
# Visual Studio Version 17
VisualStudioVersion = 17.12.35707.178
MinimumVisualStudioVersion = 10.0.40219.1
Project("{FAE04EC0-301F-11D3-BF4B-00C04F79EFBC}") = "StarMap", "StarMap\StarMap.csproj", "{1929ABD2-E606-4D10-8095-C1A42F033BA8}"
EndProject
Project("{FAE04EC0-301F-11D3-BF4B-00C04F79EFBC}") = "StarMap.Core", "StarMap.Core\StarMap.Core.csproj", "{88FE8BF1-1E63-4EFA-9AC9-EE429DCAE6E1}"
EndProject
Project("{FAE04EC0-301F-11D3-BF4B-00C04F79EFBC}") = "DummyProgram", "DummyProgram\DummyProgram.csproj", "{2CBF8323-9A54-47F0-A01F-312BC8951049}"
EndProject
Project("{FAE04EC0-301F-11D3-BF4B-00C04F79EFBC}") = "StarMapLoader", "StarMapLoader\StarMapLoader.csproj", "{8C1F84DF-7806-4780-9FD8-49EA21A10CF3}"
	ProjectSection(ProjectDependencies) = postProject
		{1929ABD2-E606-4D10-8095-C1A42F033BA8} = {1929ABD2-E606-4D10-8095-C1A42F033BA8}
	EndProjectSection
EndProject
Project("{FAE04EC0-301F-11D3-BF4B-00C04F79EFBC}") = "StarMap.API", "StarMap.API\StarMap.API.csproj", "{41AA50C1-54A0-4EE5-8D8D-220FEF1B7D0A}"
EndProject
Project("{FAE04EC0-301F-11D3-BF4B-00C04F79EFBC}") = "StarMap.Types", "StarMap.Types\StarMap.Types.csproj", "{C3F3B0A9-4F22-47C0-9EAD-F3E7D3E2ED85}"
EndProject
Global
	GlobalSection(SolutionConfigurationPlatforms) = preSolution
		Debug|Any CPU = Debug|Any CPU
		Debug|ARM64 = Debug|ARM64
		Debug|x64 = Debug|x64
		Debug|x86 = Debug|x86
		Release|Any CPU = Release|Any CPU
		Release|ARM64 = Release|ARM64
		Release|x64 = Release|x64
		Release|x86 = Release|x86
	EndGlobalSection
	GlobalSection(ProjectConfigurationPlatforms) = postSolution
		{1929ABD2-E606-4D10-8095-C1A42F033BA8}.Debug|Any CPU.ActiveCfg = Debug|Any CPU
		{1929ABD2-E606-4D10-8095-C1A42F033BA8}.Debug|Any CPU.Build.0 = Debug|Any CPU
		{1929ABD2-E606-4D10-8095-C1A42F033BA8}.Debug|ARM64.ActiveCfg = Debug|Any CPU
		{1929ABD2-E606-4D10-8095-C1A42F033BA8}.Debug|ARM64.Build.0 = Debug|Any CPU
		{1929ABD2-E606-4D10-8095-C1A42F033BA8}.Debug|x64.ActiveCfg = Debug|Any CPU
		{1929ABD2-E606-4D10-8095-C1A42F033BA8}.Debug|x64.Build.0 = Debug|Any CPU
		{1929ABD2-E606-4D10-8095-C1A42F033BA8}.Debug|x86.ActiveCfg = Debug|Any CPU
		{1929ABD2-E606-4D10-8095-C1A42F033BA8}.Debug|x86.Build.0 = Debug|Any CPU
		{1929ABD2-E606-4D10-8095-C1A42F033BA8}.Release|Any CPU.ActiveCfg = Release|Any CPU
		{1929ABD2-E606-4D10-8095-C1A42F033BA8}.Release|Any CPU.Build.0 = Release|Any CPU
		{1929ABD2-E606-4D10-8095-C1A42F033BA8}.Release|ARM64.ActiveCfg = Release|Any CPU
		{1929ABD2-E606-4D10-8095-C1A42F033BA8}.Release|ARM64.Build.0 = Release|Any CPU
		{1929ABD2-E606-4D10-8095-C1A42F033BA8}.Release|x64.ActiveCfg = Release|Any CPU
		{1929ABD2-E606-4D10-8095-C1A42F033BA8}.Release|x64.Build.0 = Release|Any CPU
		{1929ABD2-E606-4D10-8095-C1A42F033BA8}.Release|x86.ActiveCfg = Release|Any CPU
		{1929ABD2-E606-4D10-8095-C1A42F033BA8}.Release|x86.Build.0 = Release|Any CPU
		{88FE8BF1-1E63-4EFA-9AC9-EE429DCAE6E1}.Debug|Any CPU.ActiveCfg = Debug|Any CPU
		{88FE8BF1-1E63-4EFA-9AC9-EE429DCAE6E1}.Debug|Any CPU.Build.0 = Debug|Any CPU
		{88FE8BF1-1E63-4EFA-9AC9-EE429DCAE6E1}.Debug|ARM64.ActiveCfg = Debug|Any CPU
		{88FE8BF1-1E63-4EFA-9AC9-EE429DCAE6E1}.Debug|ARM64.Build.0 = Debug|Any CPU
		{88FE8BF1-1E63-4EFA-9AC9-EE429DCAE6E1}.Debug|x64.ActiveCfg = Debug|Any CPU
		{88FE8BF1-1E63-4EFA-9AC9-EE429DCAE6E1}.Debug|x64.Build.0 = Debug|Any CPU
		{88FE8BF1-1E63-4EFA-9AC9-EE429DCAE6E1}.Debug|x86.ActiveCfg = Debug|Any CPU
		{88FE8BF1-1E63-4EFA-9AC9-EE429DCAE6E1}.Debug|x86.Build.0 = Debug|Any CPU
		{88FE8BF1-1E63-4EFA-9AC9-EE429DCAE6E1}.Release|Any CPU.ActiveCfg = Release|Any CPU
		{88FE8BF1-1E63-4EFA-9AC9-EE429DCAE6E1}.Release|Any CPU.Build.0 = Release|Any CPU
		{88FE8BF1-1E63-4EFA-9AC9-EE429DCAE6E1}.Release|ARM64.ActiveCfg = Release|Any CPU
		{88FE8BF1-1E63-4EFA-9AC9-EE429DCAE6E1}.Release|ARM64.Build.0 = Release|Any CPU
		{88FE8BF1-1E63-4EFA-9AC9-EE429DCAE6E1}.Release|x64.ActiveCfg = Release|Any CPU
		{88FE8BF1-1E63-4EFA-9AC9-EE429DCAE6E1}.Release|x64.Build.0 = Release|Any CPU
		{88FE8BF1-1E63-4EFA-9AC9-EE429DCAE6E1}.Release|x86.ActiveCfg = Release|Any CPU
		{88FE8BF1-1E63-4EFA-9AC9-EE429DCAE6E1}.Release|x86.Build.0 = Release|Any CPU
		{2CBF8323-9A54-47F0-A01F-312BC8951049}.Debug|Any CPU.ActiveCfg = Debug|Any CPU
		{2CBF8323-9A54-47F0-A01F-312BC8951049}.Debug|ARM64.ActiveCfg = Debug|Any CPU
		{2CBF8323-9A54-47F0-A01F-312BC8951049}.Debug|ARM64.Build.0 = Debug|Any CPU
		{2CBF8323-9A54-47F0-A01F-312BC8951049}.Debug|x64.ActiveCfg = Debug|Any CPU
		{2CBF8323-9A54-47F0-A01F-312BC8951049}.Debug|x64.Build.0 = Debug|Any CPU
		{2CBF8323-9A54-47F0-A01F-312BC8951049}.Debug|x86.ActiveCfg = Debug|Any CPU
		{2CBF8323-9A54-47F0-A01F-312BC8951049}.Debug|x86.Build.0 = Debug|Any CPU
		{2CBF8323-9A54-47F0-A01F-312BC8951049}.Release|Any CPU.ActiveCfg = Release|Any CPU
		{2CBF8323-9A54-47F0-A01F-312BC8951049}.Release|Any CPU.Build.0 = Release|Any CPU
		{2CBF8323-9A54-47F0-A01F-312BC8951049}.Release|ARM64.ActiveCfg = Release|Any CPU
		{2CBF8323-9A54-47F0-A01F-312BC8951049}.Release|ARM64.Build.0 = Release|Any CPU
		{2CBF8323-9A54-47F0-A01F-312BC8951049}.Release|x64.ActiveCfg = Release|Any CPU
		{2CBF8323-9A54-47F0-A01F-312BC8951049}.Release|x64.Build.0 = Release|Any CPU
		{2CBF8323-9A54-47F0-A01F-312BC8951049}.Release|x86.ActiveCfg = Release|Any CPU
		{2CBF8323-9A54-47F0-A01F-312BC8951049}.Release|x86.Build.0 = Release|Any CPU
		{8C1F84DF-7806-4780-9FD8-49EA21A10CF3}.Debug|Any CPU.ActiveCfg = Debug|Any CPU
		{8C1F84DF-7806-4780-9FD8-49EA21A10CF3}.Debug|Any CPU.Build.0 = Debug|Any CPU
		{8C1F84DF-7806-4780-9FD8-49EA21A10CF3}.Debug|ARM64.ActiveCfg = Debug|Any CPU
		{8C1F84DF-7806-4780-9FD8-49EA21A10CF3}.Debug|ARM64.Build.0 = Debug|Any CPU
		{8C1F84DF-7806-4780-9FD8-49EA21A10CF3}.Debug|x64.ActiveCfg = Debug|Any CPU
		{8C1F84DF-7806-4780-9FD8-49EA21A10CF3}.Debug|x64.Build.0 = Debug|Any CPU
		{8C1F84DF-7806-4780-9FD8-49EA21A10CF3}.Debug|x86.ActiveCfg = Debug|Any CPU
		{8C1F84DF-7806-4780-9FD8-49EA21A10CF3}.Debug|x86.Build.0 = Debug|Any CPU
		{8C1F84DF-7806-4780-9FD8-49EA21A10CF3}.Release|Any CPU.ActiveCfg = Release|Any CPU
		{8C1F84DF-7806-4780-9FD8-49EA21A10CF3}.Release|Any CPU.Build.0 = Release|Any CPU
		{8C1F84DF-7806-4780-9FD8-49EA21A10CF3}.Release|ARM64.ActiveCfg = Release|Any CPU
		{8C1F84DF-7806-4780-9FD8-49EA21A10CF3}.Release|ARM64.Build.0 = Release|Any CPU
		{8C1F84DF-7806-4780-9FD8-49EA21A10CF3}.Release|x64.ActiveCfg = Release|Any CPU
		{8C1F84DF-7806-4780-9FD8-49EA21A10CF3}.Release|x64.Build.0 = Release|Any CPU
		{8C1F84DF-7806-4780-9FD8-49EA21A10CF3}.Release|x86.ActiveCfg = Release|Any CPU
		{8C1F84DF-7806-4780-9FD8-49EA21A10CF3}.Release|x86.Build.0 = Release|Any CPU
		{41AA50C1-54A0-4EE5-8D8D-220FEF1B7D0A}.Debug|Any CPU.ActiveCfg = Debug|Any CPU
		{41AA50C1-54A0-4EE5-8D8D-220FEF1B7D0A}.Debug|Any CPU.Build.0 = Debug|Any CPU
		{41AA50C1-54A0-4EE5-8D8D-220FEF1B7D0A}.Debug|ARM64.ActiveCfg = Debug|Any CPU
		{41AA50C1-54A0-4EE5-8D8D-220FEF1B7D0A}.Debug|ARM64.Build.0 = Debug|Any CPU
		{41AA50C1-54A0-4EE5-8D8D-220FEF1B7D0A}.Debug|x64.ActiveCfg = Debug|Any CPU
		{41AA50C1-54A0-4EE5-8D8D-220FEF1B7D0A}.Debug|x64.Build.0 = Debug|Any CPU
		{41AA50C1-54A0-4EE5-8D8D-220FEF1B7D0A}.Debug|x86.ActiveCfg = Debug|Any CPU
		{41AA50C1-54A0-4EE5-8D8D-220FEF1B7D0A}.Debug|x86.Build.0 = Debug|Any CPU
		{41AA50C1-54A0-4EE5-8D8D-220FEF1B7D0A}.Release|Any CPU.ActiveCfg = Release|Any CPU
		{41AA50C1-54A0-4EE5-8D8D-220FEF1B7D0A}.Release|Any CPU.Build.0 = Release|Any CPU
		{41AA50C1-54A0-4EE5-8D8D-220FEF1B7D0A}.Release|ARM64.ActiveCfg = Release|Any CPU
		{41AA50C1-54A0-4EE5-8D8D-220FEF1B7D0A}.Release|ARM64.Build.0 = Release|Any CPU
		{41AA50C1-54A0-4EE5-8D8D-220FEF1B7D0A}.Release|x64.ActiveCfg = Release|Any CPU
		{41AA50C1-54A0-4EE5-8D8D-220FEF1B7D0A}.Release|x64.Build.0 = Release|Any CPU
		{41AA50C1-54A0-4EE5-8D8D-220FEF1B7D0A}.Release|x86.ActiveCfg = Release|Any CPU
		{41AA50C1-54A0-4EE5-8D8D-220FEF1B7D0A}.Release|x86.Build.0 = Release|Any CPU
		{C3F3B0A9-4F22-47C0-9EAD-F3E7D3E2ED85}.Debug|Any CPU.ActiveCfg = Debug|Any CPU
		{C3F3B0A9-4F22-47C0-9EAD-F3E7D3E2ED85}.Debug|Any CPU.Build.0 = Debug|Any CPU
		{C3F3B0A9-4F22-47C0-9EAD-F3E7D3E2ED85}.Debug|ARM64.ActiveCfg = Debug|Any CPU
		{C3F3B0A9-4F22-47C0-9EAD-F3E7D3E2ED85}.Debug|ARM64.Build.0 = Debug|Any CPU
		{C3F3B0A9-4F22-47C0-9EAD-F3E7D3E2ED85}.Debug|x64.ActiveCfg = Debug|Any CPU
		{C3F3B0A9-4F22-47C0-9EAD-F3E7D3E2ED85}.Debug|x64.Build.0 = Debug|Any CPU
		{C3F3B0A9-4F22-47C0-9EAD-F3E7D3E2ED85}.Debug|x86.ActiveCfg = Debug|Any CPU
		{C3F3B0A9-4F22-47C0-9EAD-F3E7D3E2ED85}.Debug|x86.Build.0 = Debug|Any CPU
		{C3F3B0A9-4F22-47C0-9EAD-F3E7D3E2ED85}.Release|Any CPU.ActiveCfg = Release|Any CPU
		{C3F3B0A9-4F22-47C0-9EAD-F3E7D3E2ED85}.Release|Any CPU.Build.0 = Release|Any CPU
		{C3F3B0A9-4F22-47C0-9EAD-F3E7D3E2ED85}.Release|ARM64.ActiveCfg = Release|Any CPU
		{C3F3B0A9-4F22-47C0-9EAD-F3E7D3E2ED85}.Release|ARM64.Build.0 = Release|Any CPU
		{C3F3B0A9-4F22-47C0-9EAD-F3E7D3E2ED85}.Release|x64.ActiveCfg = Release|Any CPU
		{C3F3B0A9-4F22-47C0-9EAD-F3E7D3E2ED85}.Release|x64.Build.0 = Release|Any CPU
		{C3F3B0A9-4F22-47C0-9EAD-F3E7D3E2ED85}.Release|x86.ActiveCfg = Release|Any CPU
		{C3F3B0A9-4F22-47C0-9EAD-F3E7D3E2ED85}.Release|x86.Build.0 = Release|Any CPU
	EndGlobalSection
	GlobalSection(SolutionProperties) = preSolution
		HideSolutionNode = FALSE
	EndGlobalSection
EndGlobal
